
Microsoft Visual Studio Solution File, Format Version 12.00
# Visual Studio Version 16
VisualStudioVersion = 16.0.30002.166
MinimumVisualStudioVersion = 10.0.40219.1
Project("{9A19103F-16F7-4668-BE54-9A1E7A4F7556}") = "ChatAPI", "ChatAPI\ChatAPI.csproj", "{58DE7FF3-D4B0-45C9-A2B8-4B56F0DF2268}"
EndProject
Project("{9A19103F-16F7-4668-BE54-9A1E7A4F7556}") = "DataAccessLayer", "DataAccessLayer\DataAccessLayer.csproj", "{FAA62093-EE37-4EE1-BAAC-26B6B6D7CCDD}"
EndProject
Project("{9A19103F-16F7-4668-BE54-9A1E7A4F7556}") = "DataModel", "DataModel\DataModel.csproj", "{BB2A8F2F-A1A3-4D11-9187-52F39BDB2BBB}"
EndProject
Project("{FAE04EC0-301F-11D3-BF4B-00C04F79EFBC}") = "AssistPurchaseTest", "AssistPurchaseTest\AssistPurchaseTest.csproj", "{40804FAD-C992-4CBB-9899-15D3D9842184}"
EndProject
Global
	GlobalSection(SolutionConfigurationPlatforms) = preSolution
		Debug|Any CPU = Debug|Any CPU
		Release|Any CPU = Release|Any CPU
	EndGlobalSection
	GlobalSection(ProjectConfigurationPlatforms) = postSolution
		{58DE7FF3-D4B0-45C9-A2B8-4B56F0DF2268}.Debug|Any CPU.ActiveCfg = Debug|Any CPU
		{58DE7FF3-D4B0-45C9-A2B8-4B56F0DF2268}.Debug|Any CPU.Build.0 = Debug|Any CPU
		{58DE7FF3-D4B0-45C9-A2B8-4B56F0DF2268}.Release|Any CPU.ActiveCfg = Release|Any CPU
		{58DE7FF3-D4B0-45C9-A2B8-4B56F0DF2268}.Release|Any CPU.Build.0 = Release|Any CPU
		{FAA62093-EE37-4EE1-BAAC-26B6B6D7CCDD}.Debug|Any CPU.ActiveCfg = Debug|Any CPU
		{FAA62093-EE37-4EE1-BAAC-26B6B6D7CCDD}.Debug|Any CPU.Build.0 = Debug|Any CPU
		{FAA62093-EE37-4EE1-BAAC-26B6B6D7CCDD}.Release|Any CPU.ActiveCfg = Release|Any CPU
		{FAA62093-EE37-4EE1-BAAC-26B6B6D7CCDD}.Release|Any CPU.Build.0 = Release|Any CPU
		{BB2A8F2F-A1A3-4D11-9187-52F39BDB2BBB}.Debug|Any CPU.ActiveCfg = Debug|Any CPU
		{BB2A8F2F-A1A3-4D11-9187-52F39BDB2BBB}.Debug|Any CPU.Build.0 = Debug|Any CPU
		{BB2A8F2F-A1A3-4D11-9187-52F39BDB2BBB}.Release|Any CPU.ActiveCfg = Release|Any CPU
		{BB2A8F2F-A1A3-4D11-9187-52F39BDB2BBB}.Release|Any CPU.Build.0 = Release|Any CPU
		{40804FAD-C992-4CBB-9899-15D3D9842184}.Debug|Any CPU.ActiveCfg = Debug|Any CPU
		{40804FAD-C992-4CBB-9899-15D3D9842184}.Debug|Any CPU.Build.0 = Debug|Any CPU
		{40804FAD-C992-4CBB-9899-15D3D9842184}.Release|Any CPU.ActiveCfg = Release|Any CPU
		{40804FAD-C992-4CBB-9899-15D3D9842184}.Release|Any CPU.Build.0 = Release|Any CPU
	EndGlobalSection
	GlobalSection(SolutionProperties) = preSolution
		HideSolutionNode = FALSE
	EndGlobalSection
	GlobalSection(ExtensibilityGlobals) = postSolution
		SolutionGuid = {A866F8A8-71ED-4AA5-A259-933A0CD14304}
	EndGlobalSection
EndGlobal
